
Microsoft Visual Studio Solution File, Format Version 12.00
# Visual Studio Version 17
VisualStudioVersion = 17.8.34408.163
MinimumVisualStudioVersion = 10.0.40219.1
Project("{FAE04EC0-301F-11D3-BF4B-00C04F79EFBC}") = "Fitter_API", "Fitter_API\Fitter_API.csproj", "{BDFBF6C0-8D40-45C2-9CA5-09A2D4F89790}"
EndProject
Global
	GlobalSection(SolutionConfigurationPlatforms) = preSolution
		Debug|Any CPU = Debug|Any CPU
		Release|Any CPU = Release|Any CPU
	EndGlobalSection
	GlobalSection(ProjectConfigurationPlatforms) = postSolution
		{BDFBF6C0-8D40-45C2-9CA5-09A2D4F89790}.Debug|Any CPU.ActiveCfg = Debug|Any CPU
		{BDFBF6C0-8D40-45C2-9CA5-09A2D4F89790}.Debug|Any CPU.Build.0 = Debug|Any CPU
		{BDFBF6C0-8D40-45C2-9CA5-09A2D4F89790}.Release|Any CPU.ActiveCfg = Release|Any CPU
		{BDFBF6C0-8D40-45C2-9CA5-09A2D4F89790}.Release|Any CPU.Build.0 = Release|Any CPU
	EndGlobalSection
	GlobalSection(SolutionProperties) = preSolution
		HideSolutionNode = FALSE
	EndGlobalSection
	GlobalSection(ExtensibilityGlobals) = postSolution
		SolutionGuid = {F249556E-FD25-48A5-9380-94E2BDCBEA23}
	EndGlobalSection
EndGlobal
